
Microsoft Visual Studio Solution File, Format Version 12.00
# Visual Studio Version 16
VisualStudioVersion = 16.0.29709.97
MinimumVisualStudioVersion = 10.0.40219.1
Project("{8BC9CEB8-8B4A-11D0-8D11-00A0C91BC942}") = "Project2", "Project2\Project2.vcxproj", "{0FB99DC7-29B5-450C-9FAA-1B91F2EBB49D}"
EndProject
Global
	GlobalSection(SolutionConfigurationPlatforms) = preSolution
		Debug|x64 = Debug|x64
		Debug|x86 = Debug|x86
		Release|x64 = Release|x64
		Release|x86 = Release|x86
	EndGlobalSection
	GlobalSection(ProjectConfigurationPlatforms) = postSolution
		{0FB99DC7-29B5-450C-9FAA-1B91F2EBB49D}.Debug|x64.ActiveCfg = Debug|x64
		{0FB99DC7-29B5-450C-9FAA-1B91F2EBB49D}.Debug|x64.Build.0 = Debug|x64
		{0FB99DC7-29B5-450C-9FAA-1B91F2EBB49D}.Debug|x86.ActiveCfg = Debug|Win32
		{0FB99DC7-29B5-450C-9FAA-1B91F2EBB49D}.Debug|x86.Build.0 = Debug|Win32
		{0FB99DC7-29B5-450C-9FAA-1B91F2EBB49D}.Release|x64.ActiveCfg = Release|x64
		{0FB99DC7-29B5-450C-9FAA-1B91F2EBB49D}.Release|x64.Build.0 = Release|x64
		{0FB99DC7-29B5-450C-9FAA-1B91F2EBB49D}.Release|x86.ActiveCfg = Release|Win32
		{0FB99DC7-29B5-450C-9FAA-1B91F2EBB49D}.Release|x86.Build.0 = Release|Win32
	EndGlobalSection
	GlobalSection(SolutionProperties) = preSolution
		HideSolutionNode = FALSE
	EndGlobalSection
	GlobalSection(ExtensibilityGlobals) = postSolution
		SolutionGuid = {0761DCD1-FDD7-49E3-B3CC-5F3D36ACD33B}
	EndGlobalSection
EndGlobal
