
Microsoft Visual Studio Solution File, Format Version 12.00
# Visual Studio Version 16
VisualStudioVersion = 16.0.29728.190
MinimumVisualStudioVersion = 10.0.40219.1
Project("{8BC9CEB8-8B4A-11D0-8D11-00A0C91BC942}") = "Project2", "Project2\Project2.vcxproj", "{BFC1C5EF-3E94-4ECE-A3F7-97616CF5D979}"
EndProject
Global
	GlobalSection(SolutionConfigurationPlatforms) = preSolution
		Debug|x64 = Debug|x64
		Debug|x86 = Debug|x86
		Release|x64 = Release|x64
		Release|x86 = Release|x86
	EndGlobalSection
	GlobalSection(ProjectConfigurationPlatforms) = postSolution
		{BFC1C5EF-3E94-4ECE-A3F7-97616CF5D979}.Debug|x64.ActiveCfg = Debug|x64
		{BFC1C5EF-3E94-4ECE-A3F7-97616CF5D979}.Debug|x64.Build.0 = Debug|x64
		{BFC1C5EF-3E94-4ECE-A3F7-97616CF5D979}.Debug|x86.ActiveCfg = Debug|Win32
		{BFC1C5EF-3E94-4ECE-A3F7-97616CF5D979}.Debug|x86.Build.0 = Debug|Win32
		{BFC1C5EF-3E94-4ECE-A3F7-97616CF5D979}.Release|x64.ActiveCfg = Release|x64
		{BFC1C5EF-3E94-4ECE-A3F7-97616CF5D979}.Release|x64.Build.0 = Release|x64
		{BFC1C5EF-3E94-4ECE-A3F7-97616CF5D979}.Release|x86.ActiveCfg = Release|Win32
		{BFC1C5EF-3E94-4ECE-A3F7-97616CF5D979}.Release|x86.Build.0 = Release|Win32
	EndGlobalSection
	GlobalSection(SolutionProperties) = preSolution
		HideSolutionNode = FALSE
	EndGlobalSection
	GlobalSection(ExtensibilityGlobals) = postSolution
		SolutionGuid = {F1C27796-2603-430B-84CC-84EA13D79827}
	EndGlobalSection
EndGlobal
