
Microsoft Visual Studio Solution File, Format Version 12.00
# Visual Studio Version 16
VisualStudioVersion = 16.0.29728.190
MinimumVisualStudioVersion = 10.0.40219.1
Project("{8BC9CEB8-8B4A-11D0-8D11-00A0C91BC942}") = "Project1", "Project1\Project1.vcxproj", "{CE2AB8DA-F838-4908-A27D-3CF6474D041C}"
EndProject
Global
	GlobalSection(SolutionConfigurationPlatforms) = preSolution
		Debug|x64 = Debug|x64
		Debug|x86 = Debug|x86
		Release|x64 = Release|x64
		Release|x86 = Release|x86
	EndGlobalSection
	GlobalSection(ProjectConfigurationPlatforms) = postSolution
		{CE2AB8DA-F838-4908-A27D-3CF6474D041C}.Debug|x64.ActiveCfg = Debug|x64
		{CE2AB8DA-F838-4908-A27D-3CF6474D041C}.Debug|x64.Build.0 = Debug|x64
		{CE2AB8DA-F838-4908-A27D-3CF6474D041C}.Debug|x86.ActiveCfg = Debug|Win32
		{CE2AB8DA-F838-4908-A27D-3CF6474D041C}.Debug|x86.Build.0 = Debug|Win32
		{CE2AB8DA-F838-4908-A27D-3CF6474D041C}.Release|x64.ActiveCfg = Release|x64
		{CE2AB8DA-F838-4908-A27D-3CF6474D041C}.Release|x64.Build.0 = Release|x64
		{CE2AB8DA-F838-4908-A27D-3CF6474D041C}.Release|x86.ActiveCfg = Release|Win32
		{CE2AB8DA-F838-4908-A27D-3CF6474D041C}.Release|x86.Build.0 = Release|Win32
	EndGlobalSection
	GlobalSection(SolutionProperties) = preSolution
		HideSolutionNode = FALSE
	EndGlobalSection
	GlobalSection(ExtensibilityGlobals) = postSolution
		SolutionGuid = {0B701FC2-10A4-498D-B8DA-5CDE8EE6D7A2}
	EndGlobalSection
EndGlobal
