
Microsoft Visual Studio Solution File, Format Version 12.00
# Visual Studio Version 16
VisualStudioVersion = 16.0.29728.190
MinimumVisualStudioVersion = 10.0.40219.1
Project("{8BC9CEB8-8B4A-11D0-8D11-00A0C91BC942}") = "Project10", "Project10\Project10.vcxproj", "{58D9076A-820D-4D22-9107-BBD5003E4324}"
EndProject
Global
	GlobalSection(SolutionConfigurationPlatforms) = preSolution
		Debug|x64 = Debug|x64
		Debug|x86 = Debug|x86
		Release|x64 = Release|x64
		Release|x86 = Release|x86
	EndGlobalSection
	GlobalSection(ProjectConfigurationPlatforms) = postSolution
		{58D9076A-820D-4D22-9107-BBD5003E4324}.Debug|x64.ActiveCfg = Debug|x64
		{58D9076A-820D-4D22-9107-BBD5003E4324}.Debug|x64.Build.0 = Debug|x64
		{58D9076A-820D-4D22-9107-BBD5003E4324}.Debug|x86.ActiveCfg = Debug|Win32
		{58D9076A-820D-4D22-9107-BBD5003E4324}.Debug|x86.Build.0 = Debug|Win32
		{58D9076A-820D-4D22-9107-BBD5003E4324}.Release|x64.ActiveCfg = Release|x64
		{58D9076A-820D-4D22-9107-BBD5003E4324}.Release|x64.Build.0 = Release|x64
		{58D9076A-820D-4D22-9107-BBD5003E4324}.Release|x86.ActiveCfg = Release|Win32
		{58D9076A-820D-4D22-9107-BBD5003E4324}.Release|x86.Build.0 = Release|Win32
	EndGlobalSection
	GlobalSection(SolutionProperties) = preSolution
		HideSolutionNode = FALSE
	EndGlobalSection
	GlobalSection(ExtensibilityGlobals) = postSolution
		SolutionGuid = {B50F2F07-7991-45C3-A58A-5211E1693EA6}
	EndGlobalSection
EndGlobal
